
Microsoft Visual Studio Solution File, Format Version 12.00
# Visual Studio Version 16
VisualStudioVersion = 16.0.30128.74
MinimumVisualStudioVersion = 10.0.40219.1
Project("{FAE04EC0-301F-11D3-BF4B-00C04F79EFBC}") = "lesson8", "lesson8\lesson8.csproj", "{8834B1D7-C026-4444-9860-939E0EFF1CA0}"
EndProject
Global
	GlobalSection(SolutionConfigurationPlatforms) = preSolution
		Debug|Any CPU = Debug|Any CPU
		Release|Any CPU = Release|Any CPU
	EndGlobalSection
	GlobalSection(ProjectConfigurationPlatforms) = postSolution
		{8834B1D7-C026-4444-9860-939E0EFF1CA0}.Debug|Any CPU.ActiveCfg = Debug|Any CPU
		{8834B1D7-C026-4444-9860-939E0EFF1CA0}.Debug|Any CPU.Build.0 = Debug|Any CPU
		{8834B1D7-C026-4444-9860-939E0EFF1CA0}.Release|Any CPU.ActiveCfg = Release|Any CPU
		{8834B1D7-C026-4444-9860-939E0EFF1CA0}.Release|Any CPU.Build.0 = Release|Any CPU
	EndGlobalSection
	GlobalSection(SolutionProperties) = preSolution
		HideSolutionNode = FALSE
	EndGlobalSection
	GlobalSection(ExtensibilityGlobals) = postSolution
		SolutionGuid = {6E1F44EA-740B-45FB-B94C-DACB9CB3B5D1}
	EndGlobalSection
EndGlobal
